PODS:
  - Realm (10.7.4):
    - Realm/Headers (= 10.7.4)
  - Realm/Headers (10.7.4)
  - RealmSwift (10.7.4):
    - Realm (= 10.7.4)
  - SDWebImage (5.10.2):
    - SDWebImage/Core (= 5.10.2)
  - SDWebImage/Core (5.10.2)

DEPENDENCIES:
  - RealmSwift
  - SDWebImage (~> 5.0)

SPEC REPOS:
  trunk:
    - Realm
    - RealmSwift
    - SDWebImage

SPEC CHECKSUMS:
  Realm: f08ce1a85649a41303ecfe1cbd914c62e9e6d710
  RealmSwift: 60ec49d165f23d040ab48811d8dd177e09baf4d3
  SDWebImage: b969dcfc02c40a5da71eac0b03b8f1a0c794a86f

PODFILE CHECKSUM: 67e2788dd4c0b016c0129494b8ab6af8e0ca1a09

COCOAPODS: 1.10.0
