// !$*UTF8*$!
{
	archiveVersion = 1;
	classes = {
	};
	objectVersion = 51;
	objects = {

/* Begin PBXBuildFile section */
		B51A1EFDACC3486C33395492 /* Pods_PaintingBuddy.framework in Frameworks */ = {isa = PBXBuildFile; fileRef = 864252E3B3251C12A900455C /* Pods_PaintingBuddy.framework */; };
		E32C870E263069DA00433D8C /* PaintingView.swift in Sources */ = {isa = PBXBuildFile; fileRef = E32C870D263069DA00433D8C /* PaintingView.swift */; };
		E37A6FE72604DA4F006880A5 /* AppDelegate.swift in Sources */ = {isa = PBXBuildFile; fileRef = E37A6FE62604DA4F006880A5 /* AppDelegate.swift */; };
		E37A6FE92604DA4F006880A5 /* SceneDelegate.swift in Sources */ = {isa = PBXBuildFile; fileRef = E37A6FE82604DA4F006880A5 /* SceneDelegate.swift */; };
		E37A6FEE2604DA4F006880A5 /* Main.storyboard in Resources */ = {isa = PBXBuildFile; fileRef = E37A6FEC2604DA4F006880A5 /* Main.storyboard */; };
		E37A6FF02604DA50006880A5 /* Assets.xcassets in Resources */ = {isa = PBXBuildFile; fileRef = E37A6FEF2604DA50006880A5 /* Assets.xcassets */; };
		E37A6FF32604DA50006880A5 /* LaunchScreen.storyboard in Resources */ = {isa = PBXBuildFile; fileRef = E37A6FF12604DA50006880A5 /* LaunchScreen.storyboard */; };
		E37A70082604ED11006880A5 /* PaintingController.swift in Sources */ = {isa = PBXBuildFile; fileRef = E37A70072604ED11006880A5 /* PaintingController.swift */; };
		E3899F022633181D00206674 /* CoreDataPainting.xcdatamodeld in Sources */ = {isa = PBXBuildFile; fileRef = E3899F002633181D00206674 /* CoreDataPainting.xcdatamodeld */; };
		E39442412608DA8A0062AAA4 /* Extensions.swift in Sources */ = {isa = PBXBuildFile; fileRef = E39442402608DA8A0062AAA4 /* Extensions.swift */; };
		E39442442608E93E0062AAA4 /* PaintingService.swift in Sources */ = {isa = PBXBuildFile; fileRef = E39442432608E93E0062AAA4 /* PaintingService.swift */; };
		E3E67237261F048A00C054DA /* PaintingViewModel.swift in Sources */ = {isa = PBXBuildFile; fileRef = E3E67236261F048A00C054DA /* PaintingViewModel.swift */; };
		E3E6723A261F058000C054DA /* Painting.swift in Sources */ = {isa = PBXBuildFile; fileRef = E3E67239261F058000C054DA /* Painting.swift */; };
		E3FCC56B262753F500A6B45A /* Box.swift in Sources */ = {isa = PBXBuildFile; fileRef = E3FCC56A262753F500A6B45A /* Box.swift */; };
/* End PBXBuildFile section */

/* Begin PBXFileReference section */
		377158FBA4DBD299902CFF7D /* Pods-PaintingBuddy.release.xcconfig */ = {isa = PBXFileReference; includeInIndex = 1; lastKnownFileType = text.xcconfig; name = "Pods-PaintingBuddy.release.xcconfig"; path = "Target Support Files/Pods-PaintingBuddy/Pods-PaintingBuddy.release.xcconfig"; sourceTree = "<group>"; };
		864252E3B3251C12A900455C /* Pods_PaintingBuddy.framework */ = {isa = PBXFileReference; explicitFileType = wrapper.framework; includeInIndex = 0; path = Pods_PaintingBuddy.framework; sourceTree = BUILT_PRODUCTS_DIR; };
		C053BF5977B894C0CA4565F2 /* Pods-PaintingBuddy.debug.xcconfig */ = {isa = PBXFileReference; includeInIndex = 1; lastKnownFileType = text.xcconfig; name = "Pods-PaintingBuddy.debug.xcconfig"; path = "Target Support Files/Pods-PaintingBuddy/Pods-PaintingBuddy.debug.xcconfig"; sourceTree = "<group>"; };
		E32C870D263069DA00433D8C /* PaintingView.swift */ = {isa = PBXFileReference; lastKnownFileType = sourcecode.swift; path = PaintingView.swift; sourceTree = "<group>"; };
		E37A6FE32604DA4F006880A5 /* PaintingBuddy.app */ = {isa = PBXFileReference; explicitFileType = wrapper.application; includeInIndex = 0; path = PaintingBuddy.app; sourceTree = BUILT_PRODUCTS_DIR; };
		E37A6FE62604DA4F006880A5 /* AppDelegate.swift */ = {isa = PBXFileReference; lastKnownFileType = sourcecode.swift; path = AppDelegate.swift; sourceTree = "<group>"; };
		E37A6FE82604DA4F006880A5 /* SceneDelegate.swift */ = {isa = PBXFileReference; lastKnownFileType = sourcecode.swift; path = SceneDelegate.swift; sourceTree = "<group>"; };
		E37A6FED2604DA4F006880A5 /* Base */ = {isa = PBXFileReference; lastKnownFileType = file.storyboard; name = Base; path = Base.lproj/Main.storyboard; sourceTree = "<group>"; };
		E37A6FEF2604DA50006880A5 /* Assets.xcassets */ = {isa = PBXFileReference; lastKnownFileType = folder.assetcatalog; path = Assets.xcassets; sourceTree = "<group>"; };
		E37A6FF22604DA50006880A5 /* Base */ = {isa = PBXFileReference; lastKnownFileType = file.storyboard; name = Base; path = Base.lproj/LaunchScreen.storyboard; sourceTree = "<group>"; };
		E37A6FF42604DA50006880A5 /* Info.plist */ = {isa = PBXFileReference; lastKnownFileType = text.plist.xml; path = Info.plist; sourceTree = "<group>"; };
		E37A70072604ED11006880A5 /* PaintingController.swift */ = {isa = PBXFileReference; lastKnownFileType = sourcecode.swift; path = PaintingController.swift; sourceTree = "<group>"; };
		E3899F012633181D00206674 /* CoreDataPainting.xcdatamodel */ = {isa = PBXFileReference; lastKnownFileType = wrapper.xcdatamodel; path = CoreDataPainting.xcdatamodel; sourceTree = "<group>"; };
		E39442402608DA8A0062AAA4 /* Extensions.swift */ = {isa = PBXFileReference; lastKnownFileType = sourcecode.swift; path = Extensions.swift; sourceTree = "<group>"; };
		E39442432608E93E0062AAA4 /* PaintingService.swift */ = {isa = PBXFileReference; lastKnownFileType = sourcecode.swift; path = PaintingService.swift; sourceTree = "<group>"; };
		E3E67236261F048A00C054DA /* PaintingViewModel.swift */ = {isa = PBXFileReference; lastKnownFileType = sourcecode.swift; path = PaintingViewModel.swift; sourceTree = "<group>"; };
		E3E67239261F058000C054DA /* Painting.swift */ = {isa = PBXFileReference; lastKnownFileType = sourcecode.swift; path = Painting.swift; sourceTree = "<group>"; };
		E3FCC56A262753F500A6B45A /* Box.swift */ = {isa = PBXFileReference; lastKnownFileType = sourcecode.swift; path = Box.swift; sourceTree = "<group>"; };
/* End PBXFileReference section */

/* Begin PBXFrameworksBuildPhase section */
		E37A6FE02604DA4F006880A5 /* Frameworks */ = {
			isa = PBXFrameworksBuildPhase;
			buildActionMask = 2147483647;
			files = (
				B51A1EFDACC3486C33395492 /* Pods_PaintingBuddy.framework in Frameworks */,
			);
			runOnlyForDeploymentPostprocessing = 0;
		};
/* End PBXFrameworksBuildPhase section */

/* Begin PBXGroup section */
		8D8D88A8303E7F7F8A628343 /* Frameworks */ = {
			isa = PBXGroup;
			children = (
				864252E3B3251C12A900455C /* Pods_PaintingBuddy.framework */,
			);
			name = Frameworks;
			sourceTree = "<group>";
		};
		A300C37FA0112C35DE0652D5 /* Pods */ = {
			isa = PBXGroup;
			children = (
				C053BF5977B894C0CA4565F2 /* Pods-PaintingBuddy.debug.xcconfig */,
				377158FBA4DBD299902CFF7D /* Pods-PaintingBuddy.release.xcconfig */,
			);
			path = Pods;
			sourceTree = "<group>";
		};
		E37A6FDA2604DA4F006880A5 = {
			isa = PBXGroup;
			children = (
				E37A6FE52604DA4F006880A5 /* PaintingBuddy */,
				E37A6FE42604DA4F006880A5 /* Products */,
				A300C37FA0112C35DE0652D5 /* Pods */,
				8D8D88A8303E7F7F8A628343 /* Frameworks */,
			);
			sourceTree = "<group>";
		};
		E37A6FE42604DA4F006880A5 /* Products */ = {
			isa = PBXGroup;
			children = (
				E37A6FE32604DA4F006880A5 /* PaintingBuddy.app */,
			);
			name = Products;
			sourceTree = "<group>";
		};
		E37A6FE52604DA4F006880A5 /* PaintingBuddy */ = {
			isa = PBXGroup;
			children = (
				E37A70012604E6EB006880A5 /* Model */,
				E37A6FFE2604E6DB006880A5 /* View */,
				E37A70002604E6DD006880A5 /* ViewModel */,
				E37A6FFF2604E6DC006880A5 /* Controller */,
				E37A6FFC2604E6D1006880A5 /* Api */,
				E37A70022604E729006880A5 /* Utils */,
				E37A6FE62604DA4F006880A5 /* AppDelegate.swift */,
				E3899F002633181D00206674 /* CoreDataPainting.xcdatamodeld */,
				E37A6FE82604DA4F006880A5 /* SceneDelegate.swift */,
				E37A6FEC2604DA4F006880A5 /* Main.storyboard */,
				E37A6FEF2604DA50006880A5 /* Assets.xcassets */,
				E37A6FF12604DA50006880A5 /* LaunchScreen.storyboard */,
				E37A6FF42604DA50006880A5 /* Info.plist */,
			);
			path = PaintingBuddy;
			sourceTree = "<group>";
		};
		E37A6FFC2604E6D1006880A5 /* Api */ = {
			isa = PBXGroup;
			children = (
				E39442432608E93E0062AAA4 /* PaintingService.swift */,
			);
			path = Api;
			sourceTree = "<group>";
		};
		E37A6FFE2604E6DB006880A5 /* View */ = {
			isa = PBXGroup;
			children = (
				E32C870D263069DA00433D8C /* PaintingView.swift */,
			);
			path = View;
			sourceTree = "<group>";
		};
		E37A6FFF2604E6DC006880A5 /* Controller */ = {
			isa = PBXGroup;
			children = (
				E37A70072604ED11006880A5 /* PaintingController.swift */,
			);
			path = Controller;
			sourceTree = "<group>";
		};
		E37A70002604E6DD006880A5 /* ViewModel */ = {
			isa = PBXGroup;
			children = (
				E3E67236261F048A00C054DA /* PaintingViewModel.swift */,
			);
			path = ViewModel;
			sourceTree = "<group>";
		};
		E37A70012604E6EB006880A5 /* Model */ = {
			isa = PBXGroup;
			children = (
				E3E67239261F058000C054DA /* Painting.swift */,
			);
			path = Model;
			sourceTree = "<group>";
		};
		E37A70022604E729006880A5 /* Utils */ = {
			isa = PBXGroup;
			children = (
				E39442402608DA8A0062AAA4 /* Extensions.swift */,
				E3FCC56A262753F500A6B45A /* Box.swift */,
			);
			path = Utils;
			sourceTree = "<group>";
		};
/* End PBXGroup section */

/* Begin PBXNativeTarget section */
		E37A6FE22604DA4F006880A5 /* PaintingBuddy */ = {
			isa = PBXNativeTarget;
			buildConfigurationList = E37A6FF72604DA50006880A5 /* Build configuration list for PBXNativeTarget "PaintingBuddy" */;
			buildPhases = (
				4DC395EDA49FF3893412436B /* [CP] Check Pods Manifest.lock */,
				E37A6FDF2604DA4F006880A5 /* Sources */,
				E37A6FE02604DA4F006880A5 /* Frameworks */,
				E37A6FE12604DA4F006880A5 /* Resources */,
				9B8DB21817712FB09E99E596 /* [CP] Embed Pods Frameworks */,
			);
			buildRules = (
			);
			dependencies = (
			);
			name = PaintingBuddy;
			productName = PaintingBuddy;
			productReference = E37A6FE32604DA4F006880A5 /* PaintingBuddy.app */;
			productType = "com.apple.product-type.application";
		};
/* End PBXNativeTarget section */

/* Begin PBXProject section */
		E37A6FDB2604DA4F006880A5 /* Project object */ = {
			isa = PBXProject;
			attributes = {
				LastSwiftUpdateCheck = 1230;
				LastUpgradeCheck = 1230;
				TargetAttributes = {
					E37A6FE22604DA4F006880A5 = {
						CreatedOnToolsVersion = 12.3;
					};
				};
			};
			buildConfigurationList = E37A6FDE2604DA4F006880A5 /* Build configuration list for PBXProject "PaintingBuddy" */;
			compatibilityVersion = "Xcode 9.3";
			developmentRegion = en;
			hasScannedForEncodings = 0;
			knownRegions = (
				en,
				Base,
			);
			mainGroup = E37A6FDA2604DA4F006880A5;
			productRefGroup = E37A6FE42604DA4F006880A5 /* Products */;
			projectDirPath = "";
			projectRoot = "";
			targets = (
				E37A6FE22604DA4F006880A5 /* PaintingBuddy */,
			);
		};
/* End PBXProject section */

/* Begin PBXResourcesBuildPhase section */
		E37A6FE12604DA4F006880A5 /* Resources */ = {
			isa = PBXResourcesBuildPhase;
			buildActionMask = 2147483647;
			files = (
				E37A6FF32604DA50006880A5 /* LaunchScreen.storyboard in Resources */,
				E37A6FF02604DA50006880A5 /* Assets.xcassets in Resources */,
				E37A6FEE2604DA4F006880A5 /* Main.storyboard in Resources */,
			);
			runOnlyForDeploymentPostprocessing = 0;
		};
/* End PBXResourcesBuildPhase section */

/* Begin PBXShellScriptBuildPhase section */
		4DC395EDA49FF3893412436B /* [CP] Check Pods Manifest.lock */ = {
			isa = PBXShellScriptBuildPhase;
			buildActionMask = 2147483647;
			files = (
			);
			inputFileListPaths = (
			);
			inputPaths = (
				"${PODS_PODFILE_DIR_PATH}/Podfile.lock",
				"${PODS_ROOT}/Manifest.lock",
			);
			name = "[CP] Check Pods Manifest.lock";
			outputFileListPaths = (
			);
			outputPaths = (
				"$(DERIVED_FILE_DIR)/Pods-PaintingBuddy-checkManifestLockResult.txt",
			);
			runOnlyForDeploymentPostprocessing = 0;
			shellPath = /bin/sh;
			shellScript = "diff \"${PODS_PODFILE_DIR_PATH}/Podfile.lock\" \"${PODS_ROOT}/Manifest.lock\" > /dev/null\nif [ $? != 0 ] ; then\n    # print error to STDERR\n    echo \"error: The sandbox is not in sync with the Podfile.lock. Run 'pod install' or update your CocoaPods installation.\" >&2\n    exit 1\nfi\n# This output is used by Xcode 'outputs' to avoid re-running this script phase.\necho \"SUCCESS\" > \"${SCRIPT_OUTPUT_FILE_0}\"\n";
			showEnvVarsInLog = 0;
		};
		9B8DB21817712FB09E99E596 /* [CP] Embed Pods Frameworks */ = {
			isa = PBXShellScriptBuildPhase;
			buildActionMask = 2147483647;
			files = (
			);
			inputFileListPaths = (
				"${PODS_ROOT}/Target Support Files/Pods-PaintingBuddy/Pods-PaintingBuddy-frameworks-${CONFIGURATION}-input-files.xcfilelist",
			);
			name = "[CP] Embed Pods Frameworks";
			outputFileListPaths = (
				"${PODS_ROOT}/Target Support Files/Pods-PaintingBuddy/Pods-PaintingBuddy-frameworks-${CONFIGURATION}-output-files.xcfilelist",
			);
			runOnlyForDeploymentPostprocessing = 0;
			shellPath = /bin/sh;
			shellScript = "\"${PODS_ROOT}/Target Support Files/Pods-PaintingBuddy/Pods-PaintingBuddy-frameworks.sh\"\n";
			showEnvVarsInLog = 0;
		};
/* End PBXShellScriptBuildPhase section */

/* Begin PBXSourcesBuildPhase section */
		E37A6FDF2604DA4F006880A5 /* Sources */ = {
			isa = PBXSourcesBuildPhase;
			buildActionMask = 2147483647;
			files = (
				E3E67237261F048A00C054DA /* PaintingViewModel.swift in Sources */,
				E37A6FE72604DA4F006880A5 /* AppDelegate.swift in Sources */,
				E39442412608DA8A0062AAA4 /* Extensions.swift in Sources */,
				E39442442608E93E0062AAA4 /* PaintingService.swift in Sources */,
				E37A70082604ED11006880A5 /* PaintingController.swift in Sources */,
				E3E6723A261F058000C054DA /* Painting.swift in Sources */,
				E3899F022633181D00206674 /* CoreDataPainting.xcdatamodeld in Sources */,
				E32C870E263069DA00433D8C /* PaintingView.swift in Sources */,
				E37A6FE92604DA4F006880A5 /* SceneDelegate.swift in Sources */,
				E3FCC56B262753F500A6B45A /* Box.swift in Sources */,
			);
			runOnlyForDeploymentPostprocessing = 0;
		};
/* End PBXSourcesBuildPhase section */

/* Begin PBXVariantGroup section */
		E37A6FEC2604DA4F006880A5 /* Main.storyboard */ = {
			isa = PBXVariantGroup;
			children = (
				E37A6FED2604DA4F006880A5 /* Base */,
			);
			name = Main.storyboard;
			sourceTree = "<group>";
		};
		E37A6FF12604DA50006880A5 /* LaunchScreen.storyboard */ = {
			isa = PBXVariantGroup;
			children = (
				E37A6FF22604DA50006880A5 /* Base */,
			);
			name = LaunchScreen.storyboard;
			sourceTree = "<group>";
		};
/* End PBXVariantGroup section */

/* Begin XCBuildConfiguration section */
		E37A6FF52604DA50006880A5 /* Debug */ = {
			isa = XCBuildConfiguration;
			buildSettings = {
				ALWAYS_SEARCH_USER_PATHS = NO;
				CLANG_ANALYZER_NONNULL = YES;
				CLANG_ANALYZER_NUMBER_OBJECT_CONVERSION = YES_AGGRESSIVE;
				CLANG_CXX_LANGUAGE_STANDARD = "gnu++14";
				CLANG_CXX_LIBRARY = "libc++";
				CLANG_ENABLE_MODULES = YES;
				CLANG_ENABLE_OBJC_ARC = YES;
				CLANG_ENABLE_OBJC_WEAK = YES;
				CLANG_WARN_BLOCK_CAPTURE_AUTORELEASING = YES;
				CLANG_WARN_BOOL_CONVERSION = YES;
				CLANG_WARN_COMMA = YES;
				CLANG_WARN_CONSTANT_CONVERSION = YES;
				CLANG_WARN_DEPRECATED_OBJC_IMPLEMENTATIONS = YES;
				CLANG_WARN_DIRECT_OBJC_ISA_USAGE = YES_ERROR;
				CLANG_WARN_DOCUMENTATION_COMMENTS = YES;
				CLANG_WARN_EMPTY_BODY = YES;
				CLANG_WARN_ENUM_CONVERSION = YES;
				CLANG_WARN_INFINITE_RECURSION = YES;
				CLANG_WARN_INT_CONVERSION = YES;
				CLANG_WARN_NON_LITERAL_NULL_CONVERSION = YES;
				CLANG_WARN_OBJC_IMPLICIT_RETAIN_SELF = YES;
				CLANG_WARN_OBJC_LITERAL_CONVERSION = YES;
				CLANG_WARN_OBJC_ROOT_CLASS = YES_ERROR;
				CLANG_WARN_QUOTED_INCLUDE_IN_FRAMEWORK_HEADER = YES;
				CLANG_WARN_RANGE_LOOP_ANALYSIS = YES;
				CLANG_WARN_STRICT_PROTOTYPES = YES;
				CLANG_WARN_SUSPICIOUS_MOVE = YES;
				CLANG_WARN_UNGUARDED_AVAILABILITY = YES_AGGRESSIVE;
				CLANG_WARN_UNREACHABLE_CODE = YES;
				CLANG_WARN__DUPLICATE_METHOD_MATCH = YES;
				COPY_PHASE_STRIP = NO;
				DEBUG_INFORMATION_FORMAT = dwarf;
				ENABLE_STRICT_OBJC_MSGSEND = YES;
				ENABLE_TESTABILITY = YES;
				GCC_C_LANGUAGE_STANDARD = gnu11;
				GCC_DYNAMIC_NO_PIC = NO;
				GCC_NO_COMMON_BLOCKS = YES;
				GCC_OPTIMIZATION_LEVEL = 0;
				GCC_PREPROCESSOR_DEFINITIONS = (
					"DEBUG=1",
					"$(inherited)",
				);
				GCC_WARN_64_TO_32_BIT_CONVERSION = YES;
				GCC_WARN_ABOUT_RETURN_TYPE = YES_ERROR;
				GCC_WARN_UNDECLARED_SELECTOR = YES;
				GCC_WARN_UNINITIALIZED_AUTOS = YES_AGGRESSIVE;
				GCC_WARN_UNUSED_FUNCTION = YES;
				GCC_WARN_UNUSED_VARIABLE = YES;
				IPHONEOS_DEPLOYMENT_TARGET = 14.3;
				MTL_ENABLE_DEBUG_INFO = INCLUDE_SOURCE;
				MTL_FAST_MATH = YES;
				ONLY_ACTIVE_ARCH = YES;
				SDKROOT = iphoneos;
				SWIFT_ACTIVE_COMPILATION_CONDITIONS = DEBUG;
				SWIFT_OPTIMIZATION_LEVEL = "-Onone";
			};
			name = Debug;
		};
		E37A6FF62604DA50006880A5 /* Release */ = {
			isa = XCBuildConfiguration;
			buildSettings = {
				ALWAYS_SEARCH_USER_PATHS = NO;
				CLANG_ANALYZER_NONNULL = YES;
				CLANG_ANALYZER_NUMBER_OBJECT_CONVERSION = YES_AGGRESSIVE;
				CLANG_CXX_LANGUAGE_STANDARD = "gnu++14";
				CLANG_CXX_LIBRARY = "libc++";
				CLANG_ENABLE_MODULES = YES;
				CLANG_ENABLE_OBJC_ARC = YES;
				CLANG_ENABLE_OBJC_WEAK = YES;
				CLANG_WARN_BLOCK_CAPTURE_AUTORELEASING = YES;
				CLANG_WARN_BOOL_CONVERSION = YES;
				CLANG_WARN_COMMA = YES;
				CLANG_WARN_CONSTANT_CONVERSION = YES;
				CLANG_WARN_DEPRECATED_OBJC_IMPLEMENTATIONS = YES;
				CLANG_WARN_DIRECT_OBJC_ISA_USAGE = YES_ERROR;
				CLANG_WARN_DOCUMENTATION_COMMENTS = YES;
				CLANG_WARN_EMPTY_BODY = YES;
				CLANG_WARN_ENUM_CONVERSION = YES;
				CLANG_WARN_INFINITE_RECURSION = YES;
				CLANG_WARN_INT_CONVERSION = YES;
				CLANG_WARN_NON_LITERAL_NULL_CONVERSION = YES;
				CLANG_WARN_OBJC_IMPLICIT_RETAIN_SELF = YES;
				CLANG_WARN_OBJC_LITERAL_CONVERSION = YES;
				CLANG_WARN_OBJC_ROOT_CLASS = YES_ERROR;
				CLANG_WARN_QUOTED_INCLUDE_IN_FRAMEWORK_HEADER = YES;
				CLANG_WARN_RANGE_LOOP_ANALYSIS = YES;
				CLANG_WARN_STRICT_PROTOTYPES = YES;
				CLANG_WARN_SUSPICIOUS_MOVE = YES;
				CLANG_WARN_UNGUARDED_AVAILABILITY = YES_AGGRESSIVE;
				CLANG_WARN_UNREACHABLE_CODE = YES;
				CLANG_WARN__DUPLICATE_METHOD_MATCH = YES;
				COPY_PHASE_STRIP = NO;
				DEBUG_INFORMATION_FORMAT = "dwarf-with-dsym";
				ENABLE_NS_ASSERTIONS = NO;
				ENABLE_STRICT_OBJC_MSGSEND = YES;
				GCC_C_LANGUAGE_STANDARD = gnu11;
				GCC_NO_COMMON_BLOCKS = YES;
				GCC_WARN_64_TO_32_BIT_CONVERSION = YES;
				GCC_WARN_ABOUT_RETURN_TYPE = YES_ERROR;
				GCC_WARN_UNDECLARED_SELECTOR = YES;
				GCC_WARN_UNINITIALIZED_AUTOS = YES_AGGRESSIVE;
				GCC_WARN_UNUSED_FUNCTION = YES;
				GCC_WARN_UNUSED_VARIABLE = YES;
				IPHONEOS_DEPLOYMENT_TARGET = 14.3;
				MTL_ENABLE_DEBUG_INFO = NO;
				MTL_FAST_MATH = YES;
				SDKROOT = iphoneos;
				SWIFT_COMPILATION_MODE = wholemodule;
				SWIFT_OPTIMIZATION_LEVEL = "-O";
				VALIDATE_PRODUCT = YES;
			};
			name = Release;
		};
		E37A6FF82604DA50006880A5 /* Debug */ = {
			isa = XCBuildConfiguration;
			baseConfigurationReference = C053BF5977B894C0CA4565F2 /* Pods-PaintingBuddy.debug.xcconfig */;
			buildSettings = {
				ASSETCATALOG_COMPILER_APPICON_NAME = AppIcon;
				ASSETCATALOG_COMPILER_GLOBAL_ACCENT_COLOR_NAME = AccentColor;
				CODE_SIGN_STYLE = Automatic;
				DEVELOPMENT_TEAM = QG2C2484PZ;
				INFOPLIST_FILE = PaintingBuddy/Info.plist;
				LD_RUNPATH_SEARCH_PATHS = (
					"$(inherited)",
					"@executable_path/Frameworks",
				);
				PRODUCT_BUNDLE_IDENTIFIER = com.malakoipechyva.PaintingBuddy;
				PRODUCT_NAME = "$(TARGET_NAME)";
				SWIFT_VERSION = 5.0;
				TARGETED_DEVICE_FAMILY = "1,2";
			};
			name = Debug;
		};
		E37A6FF92604DA50006880A5 /* Release */ = {
			isa = XCBuildConfiguration;
			baseConfigurationReference = 377158FBA4DBD299902CFF7D /* Pods-PaintingBuddy.release.xcconfig */;
			buildSettings = {
				ASSETCATALOG_COMPILER_APPICON_NAME = AppIcon;
				ASSETCATALOG_COMPILER_GLOBAL_ACCENT_COLOR_NAME = AccentColor;
				CODE_SIGN_STYLE = Automatic;
				DEVELOPMENT_TEAM = QG2C2484PZ;
				INFOPLIST_FILE = PaintingBuddy/Info.plist;
				LD_RUNPATH_SEARCH_PATHS = (
					"$(inherited)",
					"@executable_path/Frameworks",
				);
				PRODUCT_BUNDLE_IDENTIFIER = com.malakoipechyva.PaintingBuddy;
				PRODUCT_NAME = "$(TARGET_NAME)";
				SWIFT_VERSION = 5.0;
				TARGETED_DEVICE_FAMILY = "1,2";
			};
			name = Release;
		};
/* End XCBuildConfiguration section */

/* Begin XCConfigurationList section */
		E37A6FDE2604DA4F006880A5 /* Build configuration list for PBXProject "PaintingBuddy" */ = {
			isa = XCConfigurationList;
			buildConfigurations = (
				E37A6FF52604DA50006880A5 /* Debug */,
				E37A6FF62604DA50006880A5 /* Release */,
			);
			defaultConfigurationIsVisible = 0;
			defaultConfigurationName = Release;
		};
		E37A6FF72604DA50006880A5 /* Build configuration list for PBXNativeTarget "PaintingBuddy" */ = {
			isa = XCConfigurationList;
			buildConfigurations = (
				E37A6FF82604DA50006880A5 /* Debug */,
				E37A6FF92604DA50006880A5 /* Release */,
			);
			defaultConfigurationIsVisible = 0;
			defaultConfigurationName = Release;
		};
/* End XCConfigurationList section */

/* Begin XCVersionGroup section */
		E3899F002633181D00206674 /* CoreDataPainting.xcdatamodeld */ = {
			isa = XCVersionGroup;
			children = (
				E3899F012633181D00206674 /* CoreDataPainting.xcdatamodel */,
			);
			currentVersion = E3899F012633181D00206674 /* CoreDataPainting.xcdatamodel */;
			path = CoreDataPainting.xcdatamodeld;
			sourceTree = "<group>";
			versionGroupType = wrapper.xcdatamodel;
		};
/* End XCVersionGroup section */
	};
	rootObject = E37A6FDB2604DA4F006880A5 /* Project object */;
}
